
Microsoft Visual Studio Solution File, Format Version 12.00
# Visual Studio Version 17
VisualStudioVersion = 17.3.32922.545
MinimumVisualStudioVersion = 10.0.40219.1
Project("{FAE04EC0-301F-11D3-BF4B-00C04F79EFBC}") = "rekurzija final", "rekurzija final.csproj", "{DC7C925A-37BF-4799-9E9E-631786FE54CC}"
EndProject
Global
	GlobalSection(SolutionConfigurationPlatforms) = preSolution
		Debug|Any CPU = Debug|Any CPU
		Release|Any CPU = Release|Any CPU
	EndGlobalSection
	GlobalSection(ProjectConfigurationPlatforms) = postSolution
		{DC7C925A-37BF-4799-9E9E-631786FE54CC}.Debug|Any CPU.ActiveCfg = Debug|Any CPU
		{DC7C925A-37BF-4799-9E9E-631786FE54CC}.Debug|Any CPU.Build.0 = Debug|Any CPU
		{DC7C925A-37BF-4799-9E9E-631786FE54CC}.Release|Any CPU.ActiveCfg = Release|Any CPU
		{DC7C925A-37BF-4799-9E9E-631786FE54CC}.Release|Any CPU.Build.0 = Release|Any CPU
	EndGlobalSection
	GlobalSection(SolutionProperties) = preSolution
		HideSolutionNode = FALSE
	EndGlobalSection
	GlobalSection(ExtensibilityGlobals) = postSolution
		SolutionGuid = {CCE6D001-2C34-47A8-87BC-FBE8D8734901}
	EndGlobalSection
EndGlobal
